
Microsoft Visual Studio Solution File, Format Version 12.00
# Visual Studio Version 17
VisualStudioVersion = 17.3.32929.385
MinimumVisualStudioVersion = 10.0.40219.1
Project("{FAE04EC0-301F-11D3-BF4B-00C04F79EFBC}") = "Lesson18", "Lesson18\Lesson18.csproj", "{0591A6BA-7251-4137-88D9-809A12B7E560}"
EndProject
Global
	GlobalSection(SolutionConfigurationPlatforms) = preSolution
		Debug|Any CPU = Debug|Any CPU
		Release|Any CPU = Release|Any CPU
	EndGlobalSection
	GlobalSection(ProjectConfigurationPlatforms) = postSolution
		{0591A6BA-7251-4137-88D9-809A12B7E560}.Debug|Any CPU.ActiveCfg = Debug|Any CPU
		{0591A6BA-7251-4137-88D9-809A12B7E560}.Debug|Any CPU.Build.0 = Debug|Any CPU
		{0591A6BA-7251-4137-88D9-809A12B7E560}.Release|Any CPU.ActiveCfg = Release|Any CPU
		{0591A6BA-7251-4137-88D9-809A12B7E560}.Release|Any CPU.Build.0 = Release|Any CPU
	EndGlobalSection
	GlobalSection(SolutionProperties) = preSolution
		HideSolutionNode = FALSE
	EndGlobalSection
	GlobalSection(ExtensibilityGlobals) = postSolution
		SolutionGuid = {783699BC-6274-41ED-9950-B0A2A41B9834}
	EndGlobalSection
EndGlobal
